// !$*UTF8*$!
{
	archiveVersion = 1;
	classes = {
	};
	objectVersion = 46;
	objects = {

/* Begin PBXBuildFile section */
		2736B52E1591B7E5001B4192 /* dgemu.cpp in Sources */ = {isa = PBXBuildFile; fileRef = 2736B52D1591B7E5001B4192 /* dgemu.cpp */; };
		2736B5301591BD95001B4192 /* libcurses.dylib in Frameworks */ = {isa = PBXBuildFile; fileRef = 2736B52F1591BD94001B4192 /* libcurses.dylib */; };
		65F9BBF31592AD9E0004F4B4 /* z80ex.c in Sources */ = {isa = PBXBuildFile; fileRef = 65F9BBF21592AD9E0004F4B4 /* z80ex.c */; };
/* End PBXBuildFile section */

/* Begin PBXCopyFilesBuildPhase section */
		2736B5161591B47D001B4192 /* CopyFiles */ = {
			isa = PBXCopyFilesBuildPhase;
			buildActionMask = 2147483647;
			dstPath = /usr/share/man/man1/;
			dstSubfolderSpec = 0;
			files = (
			);
			runOnlyForDeploymentPostprocessing = 1;
		};
/* End PBXCopyFilesBuildPhase section */

/* Begin PBXFileReference section */
		2736B5181591B47D001B4192 /* dgemu */ = {isa = PBXFileReference; explicitFileType = "compiled.mach-o.executable"; includeInIndex = 0; path = dgemu; sourceTree = BUILT_PRODUCTS_DIR; };
		2736B52D1591B7E5001B4192 /* dgemu.cpp */ = {isa = PBXFileReference; fileEncoding = 4; lastKnownFileType = sourcecode.cpp.cpp; path = dgemu.cpp; sourceTree = "<group>"; };
		2736B52F1591BD94001B4192 /* libcurses.dylib */ = {isa = PBXFileReference; lastKnownFileType = "compiled.mach-o.dylib"; name = libcurses.dylib; path = usr/lib/libcurses.dylib; sourceTree = SDKROOT; };
		65F9BBF21592AD9E0004F4B4 /* z80ex.c */ = {isa = PBXFileReference; fileEncoding = 4; lastKnownFileType = sourcecode.c.c; name = z80ex.c; path = z80ex/z80ex.c; sourceTree = "<group>"; };
		65F9BBF41592ADAA0004F4B4 /* z80ex.h */ = {isa = PBXFileReference; fileEncoding = 4; lastKnownFileType = sourcecode.c.h; name = z80ex.h; path = z80ex/include/z80ex.h; sourceTree = "<group>"; };
/* End PBXFileReference section */

/* Begin PBXFrameworksBuildPhase section */
		2736B5151591B47D001B4192 /* Frameworks */ = {
			isa = PBXFrameworksBuildPhase;
			buildActionMask = 2147483647;
			files = (
				2736B5301591BD95001B4192 /* libcurses.dylib in Frameworks */,
			);
			runOnlyForDeploymentPostprocessing = 0;
		};
/* End PBXFrameworksBuildPhase section */

/* Begin PBXGroup section */
		2736B50D1591B47D001B4192 = {
			isa = PBXGroup;
			children = (
				658751BA15929D6F00992378 /* z80ex */,
				2736B52F1591BD94001B4192 /* libcurses.dylib */,
				2736B51B1591B47D001B4192 /* dgemu */,
				2736B5191591B47D001B4192 /* Products */,
			);
			sourceTree = "<group>";
		};
		2736B5191591B47D001B4192 /* Products */ = {
			isa = PBXGroup;
			children = (
				2736B5181591B47D001B4192 /* dgemu */,
			);
			name = Products;
			sourceTree = "<group>";
		};
		2736B51B1591B47D001B4192 /* dgemu */ = {
			isa = PBXGroup;
			children = (
				2736B52D1591B7E5001B4192 /* dgemu.cpp */,
			);
			path = dgemu;
			sourceTree = "<group>";
		};
		658751BA15929D6F00992378 /* z80ex */ = {
			isa = PBXGroup;
			children = (
				65F9BBF41592ADAA0004F4B4 /* z80ex.h */,
				65F9BBF21592AD9E0004F4B4 /* z80ex.c */,
			);
			name = z80ex;
			sourceTree = "<group>";
		};
/* End PBXGroup section */

/* Begin PBXNativeTarget section */
		2736B5171591B47D001B4192 /* dgemu */ = {
			isa = PBXNativeTarget;
			buildConfigurationList = 2736B5221591B47E001B4192 /* Build configuration list for PBXNativeTarget "dgemu" */;
			buildPhases = (
				2736B5141591B47D001B4192 /* Sources */,
				2736B5151591B47D001B4192 /* Frameworks */,
				2736B5161591B47D001B4192 /* CopyFiles */,
			);
			buildRules = (
			);
			dependencies = (
			);
			name = dgemu;
			productName = dgemu;
			productReference = 2736B5181591B47D001B4192 /* dgemu */;
			productType = "com.apple.product-type.tool";
		};
/* End PBXNativeTarget section */

/* Begin PBXProject section */
		2736B50F1591B47D001B4192 /* Project object */ = {
			isa = PBXProject;
			attributes = {
				LastUpgradeCheck = 0430;
			};
			buildConfigurationList = 2736B5121591B47D001B4192 /* Build configuration list for PBXProject "dgemu" */;
			compatibilityVersion = "Xcode 3.2";
			developmentRegion = English;
			hasScannedForEncodings = 0;
			knownRegions = (
				en,
			);
			mainGroup = 2736B50D1591B47D001B4192;
			productRefGroup = 2736B5191591B47D001B4192 /* Products */;
			projectDirPath = "";
			projectRoot = "";
			targets = (
				2736B5171591B47D001B4192 /* dgemu */,
			);
		};
/* End PBXProject section */

/* Begin PBXSourcesBuildPhase section */
		2736B5141591B47D001B4192 /* Sources */ = {
			isa = PBXSourcesBuildPhase;
			buildActionMask = 2147483647;
			files = (
				2736B52E1591B7E5001B4192 /* dgemu.cpp in Sources */,
				65F9BBF31592AD9E0004F4B4 /* z80ex.c in Sources */,
			);
			runOnlyForDeploymentPostprocessing = 0;
		};
/* End PBXSourcesBuildPhase section */

/* Begin XCBuildConfiguration section */
		2736B5201591B47E001B4192 /* Debug */ = {
			isa = XCBuildConfiguration;
			buildSettings = {
				ALWAYS_SEARCH_USER_PATHS = NO;
				ARCHS = "$(ARCHS_STANDARD_64_BIT)";
				COPY_PHASE_STRIP = NO;
				GCC_C_LANGUAGE_STANDARD = gnu99;
				GCC_DYNAMIC_NO_PIC = NO;
				GCC_ENABLE_OBJC_EXCEPTIONS = YES;
				GCC_OPTIMIZATION_LEVEL = 0;
				GCC_PREPROCESSOR_DEFINITIONS = (
					"DEBUG=1",
					"$(inherited)",
				);
				GCC_SYMBOLS_PRIVATE_EXTERN = NO;
				GCC_VERSION = com.apple.compilers.llvm.clang.1_0;
				GCC_WARN_64_TO_32_BIT_CONVERSION = YES;
				GCC_WARN_ABOUT_RETURN_TYPE = YES;
				GCC_WARN_UNINITIALIZED_AUTOS = YES;
				GCC_WARN_UNUSED_VARIABLE = YES;
				MACOSX_DEPLOYMENT_TARGET = 10.7;
				ONLY_ACTIVE_ARCH = YES;
				SDKROOT = macosx;
			};
			name = Debug;
		};
		2736B5211591B47E001B4192 /* Release */ = {
			isa = XCBuildConfiguration;
			buildSettings = {
				ALWAYS_SEARCH_USER_PATHS = NO;
				ARCHS = "$(ARCHS_STANDARD_64_BIT)";
				COPY_PHASE_STRIP = YES;
				DEBUG_INFORMATION_FORMAT = "dwarf-with-dsym";
				GCC_C_LANGUAGE_STANDARD = gnu99;
				GCC_ENABLE_OBJC_EXCEPTIONS = YES;
				GCC_VERSION = com.apple.compilers.llvm.clang.1_0;
				GCC_WARN_64_TO_32_BIT_CONVERSION = YES;
				GCC_WARN_ABOUT_RETURN_TYPE = YES;
				GCC_WARN_UNINITIALIZED_AUTOS = YES;
				GCC_WARN_UNUSED_VARIABLE = YES;
				MACOSX_DEPLOYMENT_TARGET = 10.7;
				SDKROOT = macosx;
			};
			name = Release;
		};
		2736B5231591B47E001B4192 /* Debug */ = {
			isa = XCBuildConfiguration;
			buildSettings = {
				OTHER_CFLAGS = (
					"-DZ80EX_API_REVISION=1",
					"-DZ80EX_VERSION_MINOR=19",
					"-DZ80EX_VERSION_MAJOR=1",
				);
				PRODUCT_NAME = "$(TARGET_NAME)";
			};
			name = Debug;
		};
		2736B5241591B47E001B4192 /* Release */ = {
			isa = XCBuildConfiguration;
			buildSettings = {
				OTHER_CFLAGS = (
					"-DZ80EX_API_REVISION=1",
					"-DZ80EX_VERSION_MINOR=19",
					"-DZ80EX_VERSION_MAJOR=1",
				);
				PRODUCT_NAME = "$(TARGET_NAME)";
			};
			name = Release;
		};
/* End XCBuildConfiguration section */

/* Begin XCConfigurationList section */
		2736B5121591B47D001B4192 /* Build configuration list for PBXProject "dgemu" */ = {
			isa = XCConfigurationList;
			buildConfigurations = (
				2736B5201591B47E001B4192 /* Debug */,
				2736B5211591B47E001B4192 /* Release */,
			);
			defaultConfigurationIsVisible = 0;
			defaultConfigurationName = Release;
		};
		2736B5221591B47E001B4192 /* Build configuration list for PBXNativeTarget "dgemu" */ = {
			isa = XCConfigurationList;
			buildConfigurations = (
				2736B5231591B47E001B4192 /* Debug */,
				2736B5241591B47E001B4192 /* Release */,
			);
			defaultConfigurationIsVisible = 0;
			defaultConfigurationName = Release;
		};
/* End XCConfigurationList section */
	};
	rootObject = 2736B50F1591B47D001B4192 /* Project object */;
}
